// !$*UTF8*$!
{
	archiveVersion = 1;
	classes = {
	};
	objectVersion = 46;
	objects = {

/* Begin PBXBuildFile section */
		CBE3A4BF210698640060BF8C /* Hot_Set_ViewController_sixs.m in Sources */ = {isa = PBXBuildFile; fileRef = CBE3A4BE210698640060BF8C /* Hot_Set_ViewController_sixs.m */; };
		CBE3A4C621069F490060BF8C /* SetAlarmViewController_six.m in Sources */ = {isa = PBXBuildFile; fileRef = CBE3A4C521069F490060BF8C /* SetAlarmViewController_six.m */; };
		CBE3A4C921069F580060BF8C /* SetAlarmViewController_seven.m in Sources */ = {isa = PBXBuildFile; fileRef = CBE3A4C821069F580060BF8C /* SetAlarmViewController_seven.m */; };
		CBEE5F622104EF1300D046CA /* Hot_Set_ViewController_sevens.m in Sources */ = {isa = PBXBuildFile; fileRef = CBEE5F612104EF1300D046CA /* Hot_Set_ViewController_sevens.m */; };
		DA9035461CB3A7F600FD63A1 /* Localizable.strings in Resources */ = {isa = PBXBuildFile; fileRef = DA9035481CB3A7F600FD63A1 /* Localizable.strings */; };
		DA90354A1CB3A7FC00FD63A1 /* InfoPlist.strings in Resources */ = {isa = PBXBuildFile; fileRef = DA90354C1CB3A7FC00FD63A1 /* InfoPlist.strings */; };
		DAAFF5811CB25EC6000485B5 /* main.m in Sources */ = {isa = PBXBuildFile; fileRef = DAAFF5801CB25EC6000485B5 /* main.m */; };
		DAAFF58A1CB25EC6000485B5 /* Main.storyboard in Resources */ = {isa = PBXBuildFile; fileRef = DAAFF5881CB25EC6000485B5 /* Main.storyboard */; };
		DAAFF58C1CB25EC6000485B5 /* Assets.xcassets in Resources */ = {isa = PBXBuildFile; fileRef = DAAFF58B1CB25EC6000485B5 /* Assets.xcassets */; };
		DAAFF58F1CB25EC6000485B5 /* LaunchScreen.storyboard in Resources */ = {isa = PBXBuildFile; fileRef = DAAFF58D1CB25EC6000485B5 /* LaunchScreen.storyboard */; };
		DAAFF59A1CB25EC6000485B5 /* RTU5023Tests.m in Sources */ = {isa = PBXBuildFile; fileRef = DAAFF5991CB25EC6000485B5 /* RTU5023Tests.m */; };
		DAAFF5A51CB25EC7000485B5 /* RTU5023UITests.m in Sources */ = {isa = PBXBuildFile; fileRef = DAAFF5A41CB25EC7000485B5 /* RTU5023UITests.m */; };
		DAAFF60D1CB2613A000485B5 /* AppDelegate.m in Sources */ = {isa = PBXBuildFile; fileRef = DAAFF6081CB2613A000485B5 /* AppDelegate.m */; };
		DAAFF60E1CB2613A000485B5 /* NavigationController.m in Sources */ = {isa = PBXBuildFile; fileRef = DAAFF60A1CB2613A000485B5 /* NavigationController.m */; };
		DAAFF60F1CB2613A000485B5 /* ViewController.m in Sources */ = {isa = PBXBuildFile; fileRef = DAAFF60C1CB2613A000485B5 /* ViewController.m */; };
		DAAFF6131CB26153000485B5 /* Unitl.m in Sources */ = {isa = PBXBuildFile; fileRef = DAAFF6121CB26153000485B5 /* Unitl.m */; };
		DAAFF61D1CB26258000485B5 /* AddNavigationController.m in Sources */ = {isa = PBXBuildFile; fileRef = DAAFF6161CB26258000485B5 /* AddNavigationController.m */; };
		DAAFF61E1CB26258000485B5 /* AddViewController.m in Sources */ = {isa = PBXBuildFile; fileRef = DAAFF6181CB26258000485B5 /* AddViewController.m */; };
		DAAFF61F1CB26258000485B5 /* TypeNavigationController.m in Sources */ = {isa = PBXBuildFile; fileRef = DAAFF61A1CB26258000485B5 /* TypeNavigationController.m */; };
		DAAFF6201CB26258000485B5 /* TypeViewController.m in Sources */ = {isa = PBXBuildFile; fileRef = DAAFF61C1CB26258000485B5 /* TypeViewController.m */; };
		DAAFF62A1CB26275000485B5 /* AppPWDNavigationController.m in Sources */ = {isa = PBXBuildFile; fileRef = DAAFF6231CB26275000485B5 /* AppPWDNavigationController.m */; };
		DAAFF62B1CB26275000485B5 /* AppPWDViewController.m in Sources */ = {isa = PBXBuildFile; fileRef = DAAFF6251CB26275000485B5 /* AppPWDViewController.m */; };
		DAAFF62C1CB26275000485B5 /* SetPWDNavigationController.m in Sources */ = {isa = PBXBuildFile; fileRef = DAAFF6271CB26275000485B5 /* SetPWDNavigationController.m */; };
		DAAFF62D1CB26275000485B5 /* SetPWDViewController.m in Sources */ = {isa = PBXBuildFile; fileRef = DAAFF6291CB26275000485B5 /* SetPWDViewController.m */; };
		DAAFF6331CB2629C000485B5 /* HostNavigationController.m in Sources */ = {isa = PBXBuildFile; fileRef = DAAFF6301CB2629C000485B5 /* HostNavigationController.m */; };
		DAAFF6341CB2629C000485B5 /* HostPageController.m in Sources */ = {isa = PBXBuildFile; fileRef = DAAFF6321CB2629C000485B5 /* HostPageController.m */; };
		DAAFF6391CB262FB000485B5 /* HostViewController.m in Sources */ = {isa = PBXBuildFile; fileRef = DAAFF6361CB262FB000485B5 /* HostViewController.m */; };
		DAAFF63A1CB262FB000485B5 /* SetP1ViewController.m in Sources */ = {isa = PBXBuildFile; fileRef = DAAFF6381CB262FB000485B5 /* SetP1ViewController.m */; };
		DAAFF6451CB26E00000485B5 /* Host_SetNavigationController.m in Sources */ = {isa = PBXBuildFile; fileRef = DAAFF6441CB26E00000485B5 /* Host_SetNavigationController.m */; };
		DAAFF6481CB26E16000485B5 /* Host_SetViewController.m in Sources */ = {isa = PBXBuildFile; fileRef = DAAFF6471CB26E16000485B5 /* Host_SetViewController.m */; };
		DAAFF64B1CB276F4000485B5 /* Host_RECOViewController.m in Sources */ = {isa = PBXBuildFile; fileRef = DAAFF64A1CB276F4000485B5 /* Host_RECOViewController.m */; };
		DAAFF64E1CB2770D000485B5 /* Host_RECO_NAVController.m in Sources */ = {isa = PBXBuildFile; fileRef = DAAFF64D1CB2770D000485B5 /* Host_RECO_NAVController.m */; };
		DAAFF6541CB29734000485B5 /* RTUNavigationController.m in Sources */ = {isa = PBXBuildFile; fileRef = DAAFF6511CB29734000485B5 /* RTUNavigationController.m */; };
		DAAFF6551CB29734000485B5 /* RTUViewController.m in Sources */ = {isa = PBXBuildFile; fileRef = DAAFF6531CB29734000485B5 /* RTUViewController.m */; };
		DAAFF65A1CB29AA1000485B5 /* UserNavigationController.m in Sources */ = {isa = PBXBuildFile; fileRef = DAAFF6571CB29AA1000485B5 /* UserNavigationController.m */; };
		DAAFF65B1CB29AA1000485B5 /* UserViewController.m in Sources */ = {isa = PBXBuildFile; fileRef = DAAFF6591CB29AA1000485B5 /* UserViewController.m */; };
		DAAFF65E1CB2A460000485B5 /* SetAlarmNAVController.m in Sources */ = {isa = PBXBuildFile; fileRef = DAAFF65D1CB2A460000485B5 /* SetAlarmNAVController.m */; };
		DAAFF6611CB2A47D000485B5 /* SetAlarmViewController.m in Sources */ = {isa = PBXBuildFile; fileRef = DAAFF6601CB2A47D000485B5 /* SetAlarmViewController.m */; };
		DAAFF6651CB2AE05000485B5 /* SetTHViewController.m in Sources */ = {isa = PBXBuildFile; fileRef = DAAFF6641CB2AE05000485B5 /* SetTHViewController.m */; };
		DAAFF6681CB2AE2F000485B5 /* SetTHNAVController.m in Sources */ = {isa = PBXBuildFile; fileRef = DAAFF6671CB2AE2F000485B5 /* SetTHNAVController.m */; };
		DAAFF66D1CB2B613000485B5 /* DailyNavigationController.m in Sources */ = {isa = PBXBuildFile; fileRef = DAAFF66A1CB2B613000485B5 /* DailyNavigationController.m */; };
		DAAFF66E1CB2B613000485B5 /* DailyViewController.m in Sources */ = {isa = PBXBuildFile; fileRef = DAAFF66C1CB2B613000485B5 /* DailyViewController.m */; };
		DAAFF6711CB2B94B000485B5 /* AutoNAVController.m in Sources */ = {isa = PBXBuildFile; fileRef = DAAFF6701CB2B94B000485B5 /* AutoNAVController.m */; };
		DAAFF6741CB2B960000485B5 /* AutoViewController.m in Sources */ = {isa = PBXBuildFile; fileRef = DAAFF6731CB2B960000485B5 /* AutoViewController.m */; };
		DAAFF6771CB2BDC6000485B5 /* LanguageViewController.m in Sources */ = {isa = PBXBuildFile; fileRef = DAAFF6761CB2BDC6000485B5 /* LanguageViewController.m */; };
		DAAFF67A1CB2BDE8000485B5 /* LanguageNAVController.m in Sources */ = {isa = PBXBuildFile; fileRef = DAAFF6791CB2BDE8000485B5 /* LanguageNAVController.m */; };
		DAAFF67F1CB2C511000485B5 /* PWDNavigationController.m in Sources */ = {isa = PBXBuildFile; fileRef = DAAFF67C1CB2C511000485B5 /* PWDNavigationController.m */; };
		DAAFF6801CB2C511000485B5 /* PWDViewController.m in Sources */ = {isa = PBXBuildFile; fileRef = DAAFF67E1CB2C511000485B5 /* PWDViewController.m */; };
		DACDB3491DE71F4100449F17 /* CycleNAVController.m in Sources */ = {isa = PBXBuildFile; fileRef = DACDB3481DE71F4100449F17 /* CycleNAVController.m */; };
		DACDB34C1DE71F5900449F17 /* CycleViewController.m in Sources */ = {isa = PBXBuildFile; fileRef = DACDB34B1DE71F5900449F17 /* CycleViewController.m */; };
/* End PBXBuildFile section */

/* Begin PBXContainerItemProxy section */
		DAAFF5961CB25EC6000485B5 /* PBXContainerItemProxy */ = {
			isa = PBXContainerItemProxy;
			containerPortal = DAAFF5741CB25EC6000485B5 /* Project object */;
			proxyType = 1;
			remoteGlobalIDString = DAAFF57B1CB25EC6000485B5;
			remoteInfo = RTU5023;
		};
		DAAFF5A11CB25EC7000485B5 /* PBXContainerItemProxy */ = {
			isa = PBXContainerItemProxy;
			containerPortal = DAAFF5741CB25EC6000485B5 /* Project object */;
			proxyType = 1;
			remoteGlobalIDString = DAAFF57B1CB25EC6000485B5;
			remoteInfo = RTU5023;
		};
/* End PBXContainerItemProxy section */

/* Begin PBXFileReference section */
		CBE3A4BD210698640060BF8C /* Hot_Set_ViewController_sixs.h */ = {isa = PBXFileReference; fileEncoding = 4; lastKnownFileType = sourcecode.c.h; path = Hot_Set_ViewController_sixs.h; sourceTree = "<group>"; };
		CBE3A4BE210698640060BF8C /* Hot_Set_ViewController_sixs.m */ = {isa = PBXFileReference; fileEncoding = 4; lastKnownFileType = sourcecode.c.objc; path = Hot_Set_ViewController_sixs.m; sourceTree = "<group>"; };
		CBE3A4C021069ADE0060BF8C /* PrefixHeader.pch */ = {isa = PBXFileReference; lastKnownFileType = sourcecode.c.h; path = PrefixHeader.pch; sourceTree = "<group>"; };
		CBE3A4C121069B950060BF8C /* Common.h */ = {isa = PBXFileReference; lastKnownFileType = sourcecode.c.h; path = Common.h; sourceTree = "<group>"; };
		CBE3A4C421069F490060BF8C /* SetAlarmViewController_six.h */ = {isa = PBXFileReference; lastKnownFileType = sourcecode.c.h; path = SetAlarmViewController_six.h; sourceTree = "<group>"; };
		CBE3A4C521069F490060BF8C /* SetAlarmViewController_six.m */ = {isa = PBXFileReference; lastKnownFileType = sourcecode.c.objc; path = SetAlarmViewController_six.m; sourceTree = "<group>"; };
		CBE3A4C721069F580060BF8C /* SetAlarmViewController_seven.h */ = {isa = PBXFileReference; lastKnownFileType = sourcecode.c.h; path = SetAlarmViewController_seven.h; sourceTree = "<group>"; };
		CBE3A4C821069F580060BF8C /* SetAlarmViewController_seven.m */ = {isa = PBXFileReference; lastKnownFileType = sourcecode.c.objc; path = SetAlarmViewController_seven.m; sourceTree = "<group>"; };
		CBEE5F602104EF1300D046CA /* Hot_Set_ViewController_sevens.h */ = {isa = PBXFileReference; lastKnownFileType = sourcecode.c.h; path = Hot_Set_ViewController_sevens.h; sourceTree = "<group>"; };
		CBEE5F612104EF1300D046CA /* Hot_Set_ViewController_sevens.m */ = {isa = PBXFileReference; lastKnownFileType = sourcecode.c.objc; path = Hot_Set_ViewController_sevens.m; sourceTree = "<group>"; };
		DA6394D11CB396E10017715D /* zh-Hans */ = {isa = PBXFileReference; lastKnownFileType = text.plist.strings; name = "zh-Hans"; path = "zh-Hans.lproj/LaunchScreen.strings"; sourceTree = "<group>"; };
		DA9035471CB3A7F600FD63A1 /* Base */ = {isa = PBXFileReference; lastKnownFileType = text.plist.strings; name = Base; path = Base.lproj/Localizable.strings; sourceTree = "<group>"; };
		DA9035491CB3A7F700FD63A1 /* zh-Hans */ = {isa = PBXFileReference; lastKnownFileType = text.plist.strings; name = "zh-Hans"; path = "zh-Hans.lproj/Localizable.strings"; sourceTree = "<group>"; };
		DA90354B1CB3A7FC00FD63A1 /* Base */ = {isa = PBXFileReference; lastKnownFileType = text.plist.strings; name = Base; path = Base.lproj/InfoPlist.strings; sourceTree = "<group>"; };
		DA90354D1CB3A7FD00FD63A1 /* zh-Hans */ = {isa = PBXFileReference; lastKnownFileType = text.plist.strings; name = "zh-Hans"; path = "zh-Hans.lproj/InfoPlist.strings"; sourceTree = "<group>"; };
		DAAFF57C1CB25EC6000485B5 /* RTU5023.app */ = {isa = PBXFileReference; explicitFileType = wrapper.application; includeInIndex = 0; path = RTU5023.app; sourceTree = BUILT_PRODUCTS_DIR; };
		DAAFF5801CB25EC6000485B5 /* main.m */ = {isa = PBXFileReference; lastKnownFileType = sourcecode.c.objc; path = main.m; sourceTree = "<group>"; };
		DAAFF5891CB25EC6000485B5 /* Base */ = {isa = PBXFileReference; lastKnownFileType = file.storyboard; name = Base; path = Base.lproj/Main.storyboard; sourceTree = "<group>"; };
		DAAFF58B1CB25EC6000485B5 /* Assets.xcassets */ = {isa = PBXFileReference; lastKnownFileType = folder.assetcatalog; path = Assets.xcassets; sourceTree = "<group>"; };
		DAAFF58E1CB25EC6000485B5 /* Base */ = {isa = PBXFileReference; lastKnownFileType = file.storyboard; name = Base; path = Base.lproj/LaunchScreen.storyboard; sourceTree = "<group>"; };
		DAAFF5901CB25EC6000485B5 /* Info.plist */ = {isa = PBXFileReference; lastKnownFileType = text.plist.xml; path = Info.plist; sourceTree = "<group>"; };
		DAAFF5951CB25EC6000485B5 /* RTU5023Tests.xctest */ = {isa = PBXFileReference; explicitFileType = wrapper.cfbundle; includeInIndex = 0; path = RTU5023Tests.xctest; sourceTree = BUILT_PRODUCTS_DIR; };
		DAAFF5991CB25EC6000485B5 /* RTU5023Tests.m */ = {isa = PBXFileReference; lastKnownFileType = sourcecode.c.objc; path = RTU5023Tests.m; sourceTree = "<group>"; };
		DAAFF59B1CB25EC6000485B5 /* Info.plist */ = {isa = PBXFileReference; lastKnownFileType = text.plist.xml; path = Info.plist; sourceTree = "<group>"; };
		DAAFF5A01CB25EC7000485B5 /* RTU5023UITests.xctest */ = {isa = PBXFileReference; explicitFileType = wrapper.cfbundle; includeInIndex = 0; path = RTU5023UITests.xctest; sourceTree = BUILT_PRODUCTS_DIR; };
		DAAFF5A41CB25EC7000485B5 /* RTU5023UITests.m */ = {isa = PBXFileReference; lastKnownFileType = sourcecode.c.objc; path = RTU5023UITests.m; sourceTree = "<group>"; };
		DAAFF5A61CB25EC7000485B5 /* Info.plist */ = {isa = PBXFileReference; lastKnownFileType = text.plist.xml; path = Info.plist; sourceTree = "<group>"; };
		DAAFF6071CB2613A000485B5 /* AppDelegate.h */ = {isa = PBXFileReference; fileEncoding = 4; lastKnownFileType = sourcecode.c.h; path = AppDelegate.h; sourceTree = "<group>"; };
		DAAFF6081CB2613A000485B5 /* AppDelegate.m */ = {isa = PBXFileReference; fileEncoding = 4; lastKnownFileType = sourcecode.c.objc; path = AppDelegate.m; sourceTree = "<group>"; };
		DAAFF6091CB2613A000485B5 /* NavigationController.h */ = {isa = PBXFileReference; fileEncoding = 4; lastKnownFileType = sourcecode.c.h; path = NavigationController.h; sourceTree = "<group>"; };
		DAAFF60A1CB2613A000485B5 /* NavigationController.m */ = {isa = PBXFileReference; fileEncoding = 4; lastKnownFileType = sourcecode.c.objc; path = NavigationController.m; sourceTree = "<group>"; };
		DAAFF60B1CB2613A000485B5 /* ViewController.h */ = {isa = PBXFileReference; fileEncoding = 4; lastKnownFileType = sourcecode.c.h; path = ViewController.h; sourceTree = "<group>"; };
		DAAFF60C1CB2613A000485B5 /* ViewController.m */ = {isa = PBXFileReference; fileEncoding = 4; lastKnownFileType = sourcecode.c.objc; path = ViewController.m; sourceTree = "<group>"; };
		DAAFF6111CB26153000485B5 /* Unitl.h */ = {isa = PBXFileReference; fileEncoding = 4; lastKnownFileType = sourcecode.c.h; path = Unitl.h; sourceTree = "<group>"; };
		DAAFF6121CB26153000485B5 /* Unitl.m */ = {isa = PBXFileReference; fileEncoding = 4; lastKnownFileType = sourcecode.c.objc; path = Unitl.m; sourceTree = "<group>"; };
		DAAFF6151CB26258000485B5 /* AddNavigationController.h */ = {isa = PBXFileReference; fileEncoding = 4; lastKnownFileType = sourcecode.c.h; path = AddNavigationController.h; sourceTree = "<group>"; };
		DAAFF6161CB26258000485B5 /* AddNavigationController.m */ = {isa = PBXFileReference; fileEncoding = 4; lastKnownFileType = sourcecode.c.objc; path = AddNavigationController.m; sourceTree = "<group>"; };
		DAAFF6171CB26258000485B5 /* AddViewController.h */ = {isa = PBXFileReference; fileEncoding = 4; lastKnownFileType = sourcecode.c.h; path = AddViewController.h; sourceTree = "<group>"; };
		DAAFF6181CB26258000485B5 /* AddViewController.m */ = {isa = PBXFileReference; fileEncoding = 4; lastKnownFileType = sourcecode.c.objc; path = AddViewController.m; sourceTree = "<group>"; };
		DAAFF6191CB26258000485B5 /* TypeNavigationController.h */ = {isa = PBXFileReference; fileEncoding = 4; lastKnownFileType = sourcecode.c.h; path = TypeNavigationController.h; sourceTree = "<group>"; };
		DAAFF61A1CB26258000485B5 /* TypeNavigationController.m */ = {isa = PBXFileReference; fileEncoding = 4; lastKnownFileType = sourcecode.c.objc; path = TypeNavigationController.m; sourceTree = "<group>"; };
		DAAFF61B1CB26258000485B5 /* TypeViewController.h */ = {isa = PBXFileReference; fileEncoding = 4; lastKnownFileType = sourcecode.c.h; path = TypeViewController.h; sourceTree = "<group>"; };
		DAAFF61C1CB26258000485B5 /* TypeViewController.m */ = {isa = PBXFileReference; fileEncoding = 4; lastKnownFileType = sourcecode.c.objc; path = TypeViewController.m; sourceTree = "<group>"; };
		DAAFF6221CB26275000485B5 /* AppPWDNavigationController.h */ = {isa = PBXFileReference; fileEncoding = 4; lastKnownFileType = sourcecode.c.h; path = AppPWDNavigationController.h; sourceTree = "<group>"; };
		DAAFF6231CB26275000485B5 /* AppPWDNavigationController.m */ = {isa = PBXFileReference; fileEncoding = 4; lastKnownFileType = sourcecode.c.objc; path = AppPWDNavigationController.m; sourceTree = "<group>"; };
		DAAFF6241CB26275000485B5 /* AppPWDViewController.h */ = {isa = PBXFileReference; fileEncoding = 4; lastKnownFileType = sourcecode.c.h; path = AppPWDViewController.h; sourceTree = "<group>"; };
		DAAFF6251CB26275000485B5 /* AppPWDViewController.m */ = {isa = PBXFileReference; fileEncoding = 4; lastKnownFileType = sourcecode.c.objc; path = AppPWDViewController.m; sourceTree = "<group>"; };
		DAAFF6261CB26275000485B5 /* SetPWDNavigationController.h */ = {isa = PBXFileReference; fileEncoding = 4; lastKnownFileType = sourcecode.c.h; path = SetPWDNavigationController.h; sourceTree = "<group>"; };
		DAAFF6271CB26275000485B5 /* SetPWDNavigationController.m */ = {isa = PBXFileReference; fileEncoding = 4; lastKnownFileType = sourcecode.c.objc; path = SetPWDNavigationController.m; sourceTree = "<group>"; };
		DAAFF6281CB26275000485B5 /* SetPWDViewController.h */ = {isa = PBXFileReference; fileEncoding = 4; lastKnownFileType = sourcecode.c.h; path = SetPWDViewController.h; sourceTree = "<group>"; };
		DAAFF6291CB26275000485B5 /* SetPWDViewController.m */ = {isa = PBXFileReference; fileEncoding = 4; lastKnownFileType = sourcecode.c.objc; path = SetPWDViewController.m; sourceTree = "<group>"; };
		DAAFF62F1CB2629C000485B5 /* HostNavigationController.h */ = {isa = PBXFileReference; fileEncoding = 4; lastKnownFileType = sourcecode.c.h; path = HostNavigationController.h; sourceTree = "<group>"; };
		DAAFF6301CB2629C000485B5 /* HostNavigationController.m */ = {isa = PBXFileReference; fileEncoding = 4; lastKnownFileType = sourcecode.c.objc; path = HostNavigationController.m; sourceTree = "<group>"; };
		DAAFF6311CB2629C000485B5 /* HostPageController.h */ = {isa = PBXFileReference; fileEncoding = 4; lastKnownFileType = sourcecode.c.h; path = HostPageController.h; sourceTree = "<group>"; };
		DAAFF6321CB2629C000485B5 /* HostPageController.m */ = {isa = PBXFileReference; fileEncoding = 4; lastKnownFileType = sourcecode.c.objc; path = HostPageController.m; sourceTree = "<group>"; };
		DAAFF6351CB262FB000485B5 /* HostViewController.h */ = {isa = PBXFileReference; fileEncoding = 4; lastKnownFileType = sourcecode.c.h; path = HostViewController.h; sourceTree = "<group>"; };
		DAAFF6361CB262FB000485B5 /* HostViewController.m */ = {isa = PBXFileReference; fileEncoding = 4; lastKnownFileType = sourcecode.c.objc; path = HostViewController.m; sourceTree = "<group>"; };
		DAAFF6371CB262FB000485B5 /* SetP1ViewController.h */ = {isa = PBXFileReference; fileEncoding = 4; lastKnownFileType = sourcecode.c.h; path = SetP1ViewController.h; sourceTree = "<group>"; };
		DAAFF6381CB262FB000485B5 /* SetP1ViewController.m */ = {isa = PBXFileReference; fileEncoding = 4; lastKnownFileType = sourcecode.c.objc; path = SetP1ViewController.m; sourceTree = "<group>"; };
		DAAFF6431CB26E00000485B5 /* Host_SetNavigationController.h */ = {isa = PBXFileReference; fileEncoding = 4; lastKnownFileType = sourcecode.c.h; path = Host_SetNavigationController.h; sourceTree = "<group>"; };
		DAAFF6441CB26E00000485B5 /* Host_SetNavigationController.m */ = {isa = PBXFileReference; fileEncoding = 4; lastKnownFileType = sourcecode.c.objc; path = Host_SetNavigationController.m; sourceTree = "<group>"; };
		DAAFF6461CB26E16000485B5 /* Host_SetViewController.h */ = {isa = PBXFileReference; fileEncoding = 4; lastKnownFileType = sourcecode.c.h; path = Host_SetViewController.h; sourceTree = "<group>"; };
		DAAFF6471CB26E16000485B5 /* Host_SetViewController.m */ = {isa = PBXFileReference; fileEncoding = 4; lastKnownFileType = sourcecode.c.objc; path = Host_SetViewController.m; sourceTree = "<group>"; };
		DAAFF6491CB276F4000485B5 /* Host_RECOViewController.h */ = {isa = PBXFileReference; fileEncoding = 4; lastKnownFileType = sourcecode.c.h; path = Host_RECOViewController.h; sourceTree = "<group>"; };
		DAAFF64A1CB276F4000485B5 /* Host_RECOViewController.m */ = {isa = PBXFileReference; fileEncoding = 4; lastKnownFileType = sourcecode.c.objc; path = Host_RECOViewController.m; sourceTree = "<group>"; };
		DAAFF64C1CB2770D000485B5 /* Host_RECO_NAVController.h */ = {isa = PBXFileReference; fileEncoding = 4; lastKnownFileType = sourcecode.c.h; path = Host_RECO_NAVController.h; sourceTree = "<group>"; };
		DAAFF64D1CB2770D000485B5 /* Host_RECO_NAVController.m */ = {isa = PBXFileReference; fileEncoding = 4; lastKnownFileType = sourcecode.c.objc; path = Host_RECO_NAVController.m; sourceTree = "<group>"; };
		DAAFF6501CB29734000485B5 /* RTUNavigationController.h */ = {isa = PBXFileReference; fileEncoding = 4; lastKnownFileType = sourcecode.c.h; path = RTUNavigationController.h; sourceTree = "<group>"; };
		DAAFF6511CB29734000485B5 /* RTUNavigationController.m */ = {isa = PBXFileReference; fileEncoding = 4; lastKnownFileType = sourcecode.c.objc; path = RTUNavigationController.m; sourceTree = "<group>"; };
		DAAFF6521CB29734000485B5 /* RTUViewController.h */ = {isa = PBXFileReference; fileEncoding = 4; lastKnownFileType = sourcecode.c.h; path = RTUViewController.h; sourceTree = "<group>"; };
		DAAFF6531CB29734000485B5 /* RTUViewController.m */ = {isa = PBXFileReference; fileEncoding = 4; lastKnownFileType = sourcecode.c.objc; path = RTUViewController.m; sourceTree = "<group>"; };
		DAAFF6561CB29AA1000485B5 /* UserNavigationController.h */ = {isa = PBXFileReference; fileEncoding = 4; lastKnownFileType = sourcecode.c.h; path = UserNavigationController.h; sourceTree = "<group>"; };
		DAAFF6571CB29AA1000485B5 /* UserNavigationController.m */ = {isa = PBXFileReference; fileEncoding = 4; lastKnownFileType = sourcecode.c.objc; path = UserNavigationController.m; sourceTree = "<group>"; };
		DAAFF6581CB29AA1000485B5 /* UserViewController.h */ = {isa = PBXFileReference; fileEncoding = 4; lastKnownFileType = sourcecode.c.h; path = UserViewController.h; sourceTree = "<group>"; };
		DAAFF6591CB29AA1000485B5 /* UserViewController.m */ = {isa = PBXFileReference; fileEncoding = 4; lastKnownFileType = sourcecode.c.objc; path = UserViewController.m; sourceTree = "<group>"; };
		DAAFF65C1CB2A460000485B5 /* SetAlarmNAVController.h */ = {isa = PBXFileReference; fileEncoding = 4; lastKnownFileType = sourcecode.c.h; path = SetAlarmNAVController.h; sourceTree = "<group>"; };
		DAAFF65D1CB2A460000485B5 /* SetAlarmNAVController.m */ = {isa = PBXFileReference; fileEncoding = 4; lastKnownFileType = sourcecode.c.objc; path = SetAlarmNAVController.m; sourceTree = "<group>"; };
		DAAFF65F1CB2A47D000485B5 /* SetAlarmViewController.h */ = {isa = PBXFileReference; fileEncoding = 4; lastKnownFileType = sourcecode.c.h; path = SetAlarmViewController.h; sourceTree = "<group>"; };
		DAAFF6601CB2A47D000485B5 /* SetAlarmViewController.m */ = {isa = PBXFileReference; fileEncoding = 4; lastKnownFileType = sourcecode.c.objc; path = SetAlarmViewController.m; sourceTree = "<group>"; };
		DAAFF6631CB2AE05000485B5 /* SetTHViewController.h */ = {isa = PBXFileReference; fileEncoding = 4; lastKnownFileType = sourcecode.c.h; path = SetTHViewController.h; sourceTree = "<group>"; };
		DAAFF6641CB2AE05000485B5 /* SetTHViewController.m */ = {isa = PBXFileReference; fileEncoding = 4; lastKnownFileType = sourcecode.c.objc; path = SetTHViewController.m; sourceTree = "<group>"; };
		DAAFF6661CB2AE2F000485B5 /* SetTHNAVController.h */ = {isa = PBXFileReference; fileEncoding = 4; lastKnownFileType = sourcecode.c.h; path = SetTHNAVController.h; sourceTree = "<group>"; };
		DAAFF6671CB2AE2F000485B5 /* SetTHNAVController.m */ = {isa = PBXFileReference; fileEncoding = 4; lastKnownFileType = sourcecode.c.objc; path = SetTHNAVController.m; sourceTree = "<group>"; };
		DAAFF6691CB2B613000485B5 /* DailyNavigationController.h */ = {isa = PBXFileReference; fileEncoding = 4; lastKnownFileType = sourcecode.c.h; path = DailyNavigationController.h; sourceTree = "<group>"; };
		DAAFF66A1CB2B613000485B5 /* DailyNavigationController.m */ = {isa = PBXFileReference; fileEncoding = 4; lastKnownFileType = sourcecode.c.objc; path = DailyNavigationController.m; sourceTree = "<group>"; };
		DAAFF66B1CB2B613000485B5 /* DailyViewController.h */ = {isa = PBXFileReference; fileEncoding = 4; lastKnownFileType = sourcecode.c.h; path = DailyViewController.h; sourceTree = "<group>"; };
		DAAFF66C1CB2B613000485B5 /* DailyViewController.m */ = {isa = PBXFileReference; fileEncoding = 4; lastKnownFileType = sourcecode.c.objc; path = DailyViewController.m; sourceTree = "<group>"; };
		DAAFF66F1CB2B94B000485B5 /* AutoNAVController.h */ = {isa = PBXFileReference; fileEncoding = 4; lastKnownFileType = sourcecode.c.h; path = AutoNAVController.h; sourceTree = "<group>"; };
		DAAFF6701CB2B94B000485B5 /* AutoNAVController.m */ = {isa = PBXFileReference; fileEncoding = 4; lastKnownFileType = sourcecode.c.objc; path = AutoNAVController.m; sourceTree = "<group>"; };
		DAAFF6721CB2B960000485B5 /* AutoViewController.h */ = {isa = PBXFileReference; fileEncoding = 4; lastKnownFileType = sourcecode.c.h; path = AutoViewController.h; sourceTree = "<group>"; };
		DAAFF6731CB2B960000485B5 /* AutoViewController.m */ = {isa = PBXFileReference; fileEncoding = 4; lastKnownFileType = sourcecode.c.objc; path = AutoViewController.m; sourceTree = "<group>"; };
		DAAFF6751CB2BDC6000485B5 /* LanguageViewController.h */ = {isa = PBXFileReference; fileEncoding = 4; lastKnownFileType = sourcecode.c.h; path = LanguageViewController.h; sourceTree = "<group>"; };
		DAAFF6761CB2BDC6000485B5 /* LanguageViewController.m */ = {isa = PBXFileReference; fileEncoding = 4; lastKnownFileType = sourcecode.c.objc; path = LanguageViewController.m; sourceTree = "<group>"; };
		DAAFF6781CB2BDE8000485B5 /* LanguageNAVController.h */ = {isa = PBXFileReference; fileEncoding = 4; lastKnownFileType = sourcecode.c.h; path = LanguageNAVController.h; sourceTree = "<group>"; };
		DAAFF6791CB2BDE8000485B5 /* LanguageNAVController.m */ = {isa = PBXFileReference; fileEncoding = 4; lastKnownFileType = sourcecode.c.objc; path = LanguageNAVController.m; sourceTree = "<group>"; };
		DAAFF67B1CB2C511000485B5 /* PWDNavigationController.h */ = {isa = PBXFileReference; fileEncoding = 4; lastKnownFileType = sourcecode.c.h; path = PWDNavigationController.h; sourceTree = "<group>"; };
		DAAFF67C1CB2C511000485B5 /* PWDNavigationController.m */ = {isa = PBXFileReference; fileEncoding = 4; lastKnownFileType = sourcecode.c.objc; path = PWDNavigationController.m; sourceTree = "<group>"; };
		DAAFF67D1CB2C511000485B5 /* PWDViewController.h */ = {isa = PBXFileReference; fileEncoding = 4; lastKnownFileType = sourcecode.c.h; path = PWDViewController.h; sourceTree = "<group>"; };
		DAAFF67E1CB2C511000485B5 /* PWDViewController.m */ = {isa = PBXFileReference; fileEncoding = 4; lastKnownFileType = sourcecode.c.objc; path = PWDViewController.m; sourceTree = "<group>"; };
		DACDB3471DE71F4100449F17 /* CycleNAVController.h */ = {isa = PBXFileReference; fileEncoding = 4; lastKnownFileType = sourcecode.c.h; path = CycleNAVController.h; sourceTree = "<group>"; };
		DACDB3481DE71F4100449F17 /* CycleNAVController.m */ = {isa = PBXFileReference; fileEncoding = 4; lastKnownFileType = sourcecode.c.objc; path = CycleNAVController.m; sourceTree = "<group>"; };
		DACDB34A1DE71F5900449F17 /* CycleViewController.h */ = {isa = PBXFileReference; fileEncoding = 4; lastKnownFileType = sourcecode.c.h; path = CycleViewController.h; sourceTree = "<group>"; };
		DACDB34B1DE71F5900449F17 /* CycleViewController.m */ = {isa = PBXFileReference; fileEncoding = 4; lastKnownFileType = sourcecode.c.objc; path = CycleViewController.m; sourceTree = "<group>"; };
		DACDB34E1DE7276F00449F17 /* zh-Hans */ = {isa = PBXFileReference; lastKnownFileType = text.plist.strings; name = "zh-Hans"; path = "zh-Hans.lproj/Main.strings"; sourceTree = "<group>"; };
/* End PBXFileReference section */

/* Begin PBXFrameworksBuildPhase section */
		DAAFF5791CB25EC6000485B5 /* Frameworks */ = {
			isa = PBXFrameworksBuildPhase;
			buildActionMask = 2147483647;
			files = (
			);
			runOnlyForDeploymentPostprocessing = 0;
		};
		DAAFF5921CB25EC6000485B5 /* Frameworks */ = {
			isa = PBXFrameworksBuildPhase;
			buildActionMask = 2147483647;
			files = (
			);
			runOnlyForDeploymentPostprocessing = 0;
		};
		DAAFF59D1CB25EC7000485B5 /* Frameworks */ = {
			isa = PBXFrameworksBuildPhase;
			buildActionMask = 2147483647;
			files = (
			);
			runOnlyForDeploymentPostprocessing = 0;
		};
/* End PBXFrameworksBuildPhase section */

/* Begin PBXGroup section */
		CBE3A4C221069F190060BF8C /* 5026 */ = {
			isa = PBXGroup;
			children = (
				CBE3A4C421069F490060BF8C /* SetAlarmViewController_six.h */,
				CBE3A4C521069F490060BF8C /* SetAlarmViewController_six.m */,
			);
			name = 5026;
			sourceTree = "<group>";
		};
		CBE3A4C321069F210060BF8C /* 5027 */ = {
			isa = PBXGroup;
			children = (
				CBE3A4C721069F580060BF8C /* SetAlarmViewController_seven.h */,
				CBE3A4C821069F580060BF8C /* SetAlarmViewController_seven.m */,
			);
			name = 5027;
			sourceTree = "<group>";
		};
		CBEE5F5A2104EDC600D046CA /* 5026 */ = {
			isa = PBXGroup;
			children = (
				CBE3A4BD210698640060BF8C /* Hot_Set_ViewController_sixs.h */,
				CBE3A4BE210698640060BF8C /* Hot_Set_ViewController_sixs.m */,
			);
			name = 5026;
			sourceTree = "<group>";
		};
		CBEE5F5B2104EDD300D046CA /* 5027 */ = {
			isa = PBXGroup;
			children = (
				CBEE5F602104EF1300D046CA /* Hot_Set_ViewController_sevens.h */,
				CBEE5F612104EF1300D046CA /* Hot_Set_ViewController_sevens.m */,
			);
			name = 5027;
			sourceTree = "<group>";
		};
		CBEE5F5C2104EDE300D046CA /* 5028 */ = {
			isa = PBXGroup;
			children = (
			);
			name = 5028;
			sourceTree = "<group>";
		};
		DAAFF5731CB25EC6000485B5 = {
			isa = PBXGroup;
			children = (
				DAAFF57E1CB25EC6000485B5 /* RTU5023 */,
				DAAFF5981CB25EC6000485B5 /* RTU5023Tests */,
				DAAFF5A31CB25EC7000485B5 /* RTU5023UITests */,
				DAAFF57D1CB25EC6000485B5 /* Products */,
			);
			sourceTree = "<group>";
		};
		DAAFF57D1CB25EC6000485B5 /* Products */ = {
			isa = PBXGroup;
			children = (
				DAAFF57C1CB25EC6000485B5 /* RTU5023.app */,
				DAAFF5951CB25EC6000485B5 /* RTU5023Tests.xctest */,
				DAAFF5A01CB25EC7000485B5 /* RTU5023UITests.xctest */,
			);
			name = Products;
			sourceTree = "<group>";
		};
		DAAFF57E1CB25EC6000485B5 /* RTU5023 */ = {
			isa = PBXGroup;
			children = (
				DAAFF6621CB2ADE0000485B5 /* set_alarm */,
				DAAFF64F1CB29684000485B5 /* set */,
				DAAFF62E1CB2628C000485B5 /* host */,
				DAAFF6211CB2626D000485B5 /* app_pwd */,
				DAAFF6141CB26246000485B5 /* add_edit */,
				DAAFF6101CB26148000485B5 /* unitl */,
				DAAFF6071CB2613A000485B5 /* AppDelegate.h */,
				DAAFF6081CB2613A000485B5 /* AppDelegate.m */,
				DAAFF6091CB2613A000485B5 /* NavigationController.h */,
				DAAFF60A1CB2613A000485B5 /* NavigationController.m */,
				DAAFF60B1CB2613A000485B5 /* ViewController.h */,
				DAAFF60C1CB2613A000485B5 /* ViewController.m */,
				CBE3A4C021069ADE0060BF8C /* PrefixHeader.pch */,
				CBE3A4C121069B950060BF8C /* Common.h */,
				DAAFF5881CB25EC6000485B5 /* Main.storyboard */,
				DAAFF58B1CB25EC6000485B5 /* Assets.xcassets */,
				DAAFF58D1CB25EC6000485B5 /* LaunchScreen.storyboard */,
				DAAFF5901CB25EC6000485B5 /* Info.plist */,
				DAAFF57F1CB25EC6000485B5 /* Supporting Files */,
			);
			path = RTU5023;
			sourceTree = "<group>";
		};
		DAAFF57F1CB25EC6000485B5 /* Supporting Files */ = {
			isa = PBXGroup;
			children = (
				DAAFF5801CB25EC6000485B5 /* main.m */,
				DA9035481CB3A7F600FD63A1 /* Localizable.strings */,
				DA90354C1CB3A7FC00FD63A1 /* InfoPlist.strings */,
			);
			name = "Supporting Files";
			sourceTree = "<group>";
		};
		DAAFF5981CB25EC6000485B5 /* RTU5023Tests */ = {
			isa = PBXGroup;
			children = (
				DAAFF5991CB25EC6000485B5 /* RTU5023Tests.m */,
				DAAFF59B1CB25EC6000485B5 /* Info.plist */,
			);
			path = RTU5023Tests;
			sourceTree = "<group>";
		};
		DAAFF5A31CB25EC7000485B5 /* RTU5023UITests */ = {
			isa = PBXGroup;
			children = (
				DAAFF5A41CB25EC7000485B5 /* RTU5023UITests.m */,
				DAAFF5A61CB25EC7000485B5 /* Info.plist */,
			);
			path = RTU5023UITests;
			sourceTree = "<group>";
		};
		DAAFF6101CB26148000485B5 /* unitl */ = {
			isa = PBXGroup;
			children = (
				DAAFF6111CB26153000485B5 /* Unitl.h */,
				DAAFF6121CB26153000485B5 /* Unitl.m */,
			);
			name = unitl;
			sourceTree = "<group>";
		};
		DAAFF6141CB26246000485B5 /* add_edit */ = {
			isa = PBXGroup;
			children = (
				DAAFF6151CB26258000485B5 /* AddNavigationController.h */,
				DAAFF6161CB26258000485B5 /* AddNavigationController.m */,
				DAAFF6171CB26258000485B5 /* AddViewController.h */,
				DAAFF6181CB26258000485B5 /* AddViewController.m */,
				DAAFF6191CB26258000485B5 /* TypeNavigationController.h */,
				DAAFF61A1CB26258000485B5 /* TypeNavigationController.m */,
				DAAFF61B1CB26258000485B5 /* TypeViewController.h */,
				DAAFF61C1CB26258000485B5 /* TypeViewController.m */,
			);
			name = add_edit;
			sourceTree = "<group>";
		};
		DAAFF6211CB2626D000485B5 /* app_pwd */ = {
			isa = PBXGroup;
			children = (
				DAAFF6221CB26275000485B5 /* AppPWDNavigationController.h */,
				DAAFF6231CB26275000485B5 /* AppPWDNavigationController.m */,
				DAAFF6241CB26275000485B5 /* AppPWDViewController.h */,
				DAAFF6251CB26275000485B5 /* AppPWDViewController.m */,
				DAAFF6261CB26275000485B5 /* SetPWDNavigationController.h */,
				DAAFF6271CB26275000485B5 /* SetPWDNavigationController.m */,
				DAAFF6281CB26275000485B5 /* SetPWDViewController.h */,
				DAAFF6291CB26275000485B5 /* SetPWDViewController.m */,
			);
			name = app_pwd;
			sourceTree = "<group>";
		};
		DAAFF62E1CB2628C000485B5 /* host */ = {
			isa = PBXGroup;
			children = (
				CBEE5F5C2104EDE300D046CA /* 5028 */,
				CBEE5F5B2104EDD300D046CA /* 5027 */,
				CBEE5F5A2104EDC600D046CA /* 5026 */,
				DAAFF62F1CB2629C000485B5 /* HostNavigationController.h */,
				DAAFF6301CB2629C000485B5 /* HostNavigationController.m */,
				DAAFF6311CB2629C000485B5 /* HostPageController.h */,
				DAAFF6321CB2629C000485B5 /* HostPageController.m */,
				DAAFF6351CB262FB000485B5 /* HostViewController.h */,
				DAAFF6361CB262FB000485B5 /* HostViewController.m */,
				DAAFF6371CB262FB000485B5 /* SetP1ViewController.h */,
				DAAFF6381CB262FB000485B5 /* SetP1ViewController.m */,
				DAAFF6431CB26E00000485B5 /* Host_SetNavigationController.h */,
				DAAFF6441CB26E00000485B5 /* Host_SetNavigationController.m */,
				DAAFF6461CB26E16000485B5 /* Host_SetViewController.h */,
				DAAFF6471CB26E16000485B5 /* Host_SetViewController.m */,
				DAAFF64C1CB2770D000485B5 /* Host_RECO_NAVController.h */,
				DAAFF64D1CB2770D000485B5 /* Host_RECO_NAVController.m */,
				DAAFF6491CB276F4000485B5 /* Host_RECOViewController.h */,
				DAAFF64A1CB276F4000485B5 /* Host_RECOViewController.m */,
			);
			name = host;
			sourceTree = "<group>";
		};
		DAAFF64F1CB29684000485B5 /* set */ = {
			isa = PBXGroup;
			children = (
				CBE3A4C321069F210060BF8C /* 5027 */,
				CBE3A4C221069F190060BF8C /* 5026 */,
				DAAFF6501CB29734000485B5 /* RTUNavigationController.h */,
				DAAFF6511CB29734000485B5 /* RTUNavigationController.m */,
				DAAFF6521CB29734000485B5 /* RTUViewController.h */,
				DAAFF6531CB29734000485B5 /* RTUViewController.m */,
				DAAFF6561CB29AA1000485B5 /* UserNavigationController.h */,
				DAAFF6571CB29AA1000485B5 /* UserNavigationController.m */,
				DAAFF6581CB29AA1000485B5 /* UserViewController.h */,
				DAAFF6591CB29AA1000485B5 /* UserViewController.m */,
				DAAFF65C1CB2A460000485B5 /* SetAlarmNAVController.h */,
				DAAFF65D1CB2A460000485B5 /* SetAlarmNAVController.m */,
				DAAFF65F1CB2A47D000485B5 /* SetAlarmViewController.h */,
				DAAFF6601CB2A47D000485B5 /* SetAlarmViewController.m */,
				DAAFF6691CB2B613000485B5 /* DailyNavigationController.h */,
				DAAFF66A1CB2B613000485B5 /* DailyNavigationController.m */,
				DAAFF66B1CB2B613000485B5 /* DailyViewController.h */,
				DAAFF66C1CB2B613000485B5 /* DailyViewController.m */,
				DAAFF66F1CB2B94B000485B5 /* AutoNAVController.h */,
				DAAFF6701CB2B94B000485B5 /* AutoNAVController.m */,
				DAAFF6721CB2B960000485B5 /* AutoViewController.h */,
				DAAFF6731CB2B960000485B5 /* AutoViewController.m */,
				DAAFF6781CB2BDE8000485B5 /* LanguageNAVController.h */,
				DAAFF6791CB2BDE8000485B5 /* LanguageNAVController.m */,
				DAAFF6751CB2BDC6000485B5 /* LanguageViewController.h */,
				DAAFF6761CB2BDC6000485B5 /* LanguageViewController.m */,
				DAAFF67B1CB2C511000485B5 /* PWDNavigationController.h */,
				DAAFF67C1CB2C511000485B5 /* PWDNavigationController.m */,
				DAAFF67D1CB2C511000485B5 /* PWDViewController.h */,
				DAAFF67E1CB2C511000485B5 /* PWDViewController.m */,
				DACDB3471DE71F4100449F17 /* CycleNAVController.h */,
				DACDB3481DE71F4100449F17 /* CycleNAVController.m */,
				DACDB34A1DE71F5900449F17 /* CycleViewController.h */,
				DACDB34B1DE71F5900449F17 /* CycleViewController.m */,
			);
			name = set;
			sourceTree = "<group>";
		};
		DAAFF6621CB2ADE0000485B5 /* set_alarm */ = {
			isa = PBXGroup;
			children = (
				DAAFF6661CB2AE2F000485B5 /* SetTHNAVController.h */,
				DAAFF6671CB2AE2F000485B5 /* SetTHNAVController.m */,
				DAAFF6631CB2AE05000485B5 /* SetTHViewController.h */,
				DAAFF6641CB2AE05000485B5 /* SetTHViewController.m */,
			);
			name = set_alarm;
			sourceTree = "<group>";
		};
/* End PBXGroup section */

/* Begin PBXNativeTarget section */
		DAAFF57B1CB25EC6000485B5 /* RTU5023 */ = {
			isa = PBXNativeTarget;
			buildConfigurationList = DAAFF5A91CB25EC7000485B5 /* Build configuration list for PBXNativeTarget "RTU5023" */;
			buildPhases = (
				DAAFF5781CB25EC6000485B5 /* Sources */,
				DAAFF5791CB25EC6000485B5 /* Frameworks */,
				DAAFF57A1CB25EC6000485B5 /* Resources */,
			);
			buildRules = (
			);
			dependencies = (
			);
			name = RTU5023;
			productName = RTU5023;
			productReference = DAAFF57C1CB25EC6000485B5 /* RTU5023.app */;
			productType = "com.apple.product-type.application";
		};
		DAAFF5941CB25EC6000485B5 /* RTU5023Tests */ = {
			isa = PBXNativeTarget;
			buildConfigurationList = DAAFF5AC1CB25EC7000485B5 /* Build configuration list for PBXNativeTarget "RTU5023Tests" */;
			buildPhases = (
				DAAFF5911CB25EC6000485B5 /* Sources */,
				DAAFF5921CB25EC6000485B5 /* Frameworks */,
				DAAFF5931CB25EC6000485B5 /* Resources */,
			);
			buildRules = (
			);
			dependencies = (
				DAAFF5971CB25EC6000485B5 /* PBXTargetDependency */,
			);
			name = RTU5023Tests;
			productName = RTU5023Tests;
			productReference = DAAFF5951CB25EC6000485B5 /* RTU5023Tests.xctest */;
			productType = "com.apple.product-type.bundle.unit-test";
		};
		DAAFF59F1CB25EC7000485B5 /* RTU5023UITests */ = {
			isa = PBXNativeTarget;
			buildConfigurationList = DAAFF5AF1CB25EC7000485B5 /* Build configuration list for PBXNativeTarget "RTU5023UITests" */;
			buildPhases = (
				DAAFF59C1CB25EC7000485B5 /* Sources */,
				DAAFF59D1CB25EC7000485B5 /* Frameworks */,
				DAAFF59E1CB25EC7000485B5 /* Resources */,
			);
			buildRules = (
			);
			dependencies = (
				DAAFF5A21CB25EC7000485B5 /* PBXTargetDependency */,
			);
			name = RTU5023UITests;
			productName = RTU5023UITests;
			productReference = DAAFF5A01CB25EC7000485B5 /* RTU5023UITests.xctest */;
			productType = "com.apple.product-type.bundle.ui-testing";
		};
/* End PBXNativeTarget section */

/* Begin PBXProject section */
		DAAFF5741CB25EC6000485B5 /* Project object */ = {
			isa = PBXProject;
			attributes = {
				LastUpgradeCheck = 0730;
				ORGANIZATIONNAME = paul;
				TargetAttributes = {
					DAAFF57B1CB25EC6000485B5 = {
						CreatedOnToolsVersion = 7.3;
						DevelopmentTeam = 55TTZWFS23;
						ProvisioningStyle = Automatic;
					};
					DAAFF5941CB25EC6000485B5 = {
						CreatedOnToolsVersion = 7.3;
						TestTargetID = DAAFF57B1CB25EC6000485B5;
					};
					DAAFF59F1CB25EC7000485B5 = {
						CreatedOnToolsVersion = 7.3;
						TestTargetID = DAAFF57B1CB25EC6000485B5;
					};
				};
			};
			buildConfigurationList = DAAFF5771CB25EC6000485B5 /* Build configuration list for PBXProject "RTU5023" */;
			compatibilityVersion = "Xcode 3.2";
			developmentRegion = English;
			hasScannedForEncodings = 0;
			knownRegions = (
				en,
				Base,
				"zh-Hans",
			);
			mainGroup = DAAFF5731CB25EC6000485B5;
			productRefGroup = DAAFF57D1CB25EC6000485B5 /* Products */;
			projectDirPath = "";
			projectRoot = "";
			targets = (
				DAAFF57B1CB25EC6000485B5 /* RTU5023 */,
				DAAFF5941CB25EC6000485B5 /* RTU5023Tests */,
				DAAFF59F1CB25EC7000485B5 /* RTU5023UITests */,
			);
		};
/* End PBXProject section */

/* Begin PBXResourcesBuildPhase section */
		DAAFF57A1CB25EC6000485B5 /* Resources */ = {
			isa = PBXResourcesBuildPhase;
			buildActionMask = 2147483647;
			files = (
				DA9035461CB3A7F600FD63A1 /* Localizable.strings in Resources */,
				DAAFF58F1CB25EC6000485B5 /* LaunchScreen.storyboard in Resources */,
				DAAFF58C1CB25EC6000485B5 /* Assets.xcassets in Resources */,
				DAAFF58A1CB25EC6000485B5 /* Main.storyboard in Resources */,
				DA90354A1CB3A7FC00FD63A1 /* InfoPlist.strings in Resources */,
			);
			runOnlyForDeploymentPostprocessing = 0;
		};
		DAAFF5931CB25EC6000485B5 /* Resources */ = {
			isa = PBXResourcesBuildPhase;
			buildActionMask = 2147483647;
			files = (
			);
			runOnlyForDeploymentPostprocessing = 0;
		};
		DAAFF59E1CB25EC7000485B5 /* Resources */ = {
			isa = PBXResourcesBuildPhase;
			buildActionMask = 2147483647;
			files = (
			);
			runOnlyForDeploymentPostprocessing = 0;
		};
/* End PBXResourcesBuildPhase section */

/* Begin PBXSourcesBuildPhase section */
		DAAFF5781CB25EC6000485B5 /* Sources */ = {
			isa = PBXSourcesBuildPhase;
			buildActionMask = 2147483647;
			files = (
				CBE3A4C921069F580060BF8C /* SetAlarmViewController_seven.m in Sources */,
				DAAFF60E1CB2613A000485B5 /* NavigationController.m in Sources */,
				DAAFF67A1CB2BDE8000485B5 /* LanguageNAVController.m in Sources */,
				DACDB34C1DE71F5900449F17 /* CycleViewController.m in Sources */,
				DAAFF66E1CB2B613000485B5 /* DailyViewController.m in Sources */,
				DAAFF61D1CB26258000485B5 /* AddNavigationController.m in Sources */,
				DAAFF62C1CB26275000485B5 /* SetPWDNavigationController.m in Sources */,
				CBE3A4C621069F490060BF8C /* SetAlarmViewController_six.m in Sources */,
				DAAFF66D1CB2B613000485B5 /* DailyNavigationController.m in Sources */,
				DAAFF62B1CB26275000485B5 /* AppPWDViewController.m in Sources */,
				DAAFF62D1CB26275000485B5 /* SetPWDViewController.m in Sources */,
				DAAFF60D1CB2613A000485B5 /* AppDelegate.m in Sources */,
				CBE3A4BF210698640060BF8C /* Hot_Set_ViewController_sixs.m in Sources */,
				DAAFF6451CB26E00000485B5 /* Host_SetNavigationController.m in Sources */,
				DAAFF6681CB2AE2F000485B5 /* SetTHNAVController.m in Sources */,
				DAAFF67F1CB2C511000485B5 /* PWDNavigationController.m in Sources */,
				DAAFF62A1CB26275000485B5 /* AppPWDNavigationController.m in Sources */,
				CBEE5F622104EF1300D046CA /* Hot_Set_ViewController_sevens.m in Sources */,
				DAAFF6331CB2629C000485B5 /* HostNavigationController.m in Sources */,
				DAAFF64B1CB276F4000485B5 /* Host_RECOViewController.m in Sources */,
				DAAFF61F1CB26258000485B5 /* TypeNavigationController.m in Sources */,
				DAAFF6771CB2BDC6000485B5 /* LanguageViewController.m in Sources */,
				DAAFF6651CB2AE05000485B5 /* SetTHViewController.m in Sources */,
				DACDB3491DE71F4100449F17 /* CycleNAVController.m in Sources */,
				DAAFF6611CB2A47D000485B5 /* SetAlarmViewController.m in Sources */,
				DAAFF6711CB2B94B000485B5 /* AutoNAVController.m in Sources */,
				DAAFF6801CB2C511000485B5 /* PWDViewController.m in Sources */,
				DAAFF61E1CB26258000485B5 /* AddViewController.m in Sources */,
				DAAFF64E1CB2770D000485B5 /* Host_RECO_NAVController.m in Sources */,
				DAAFF6481CB26E16000485B5 /* Host_SetViewController.m in Sources */,
				DAAFF65E1CB2A460000485B5 /* SetAlarmNAVController.m in Sources */,
				DAAFF60F1CB2613A000485B5 /* ViewController.m in Sources */,
				DAAFF6541CB29734000485B5 /* RTUNavigationController.m in Sources */,
				DAAFF65B1CB29AA1000485B5 /* UserViewController.m in Sources */,
				DAAFF65A1CB29AA1000485B5 /* UserNavigationController.m in Sources */,
				DAAFF6741CB2B960000485B5 /* AutoViewController.m in Sources */,
				DAAFF5811CB25EC6000485B5 /* main.m in Sources */,
				DAAFF6551CB29734000485B5 /* RTUViewController.m in Sources */,
				DAAFF63A1CB262FB000485B5 /* SetP1ViewController.m in Sources */,
				DAAFF6391CB262FB000485B5 /* HostViewController.m in Sources */,
				DAAFF6201CB26258000485B5 /* TypeViewController.m in Sources */,
				DAAFF6131CB26153000485B5 /* Unitl.m in Sources */,
				DAAFF6341CB2629C000485B5 /* HostPageController.m in Sources */,
			);
			runOnlyForDeploymentPostprocessing = 0;
		};
		DAAFF5911CB25EC6000485B5 /* Sources */ = {
			isa = PBXSourcesBuildPhase;
			buildActionMask = 2147483647;
			files = (
				DAAFF59A1CB25EC6000485B5 /* RTU5023Tests.m in Sources */,
			);
			runOnlyForDeploymentPostprocessing = 0;
		};
		DAAFF59C1CB25EC7000485B5 /* Sources */ = {
			isa = PBXSourcesBuildPhase;
			buildActionMask = 2147483647;
			files = (
				DAAFF5A51CB25EC7000485B5 /* RTU5023UITests.m in Sources */,
			);
			runOnlyForDeploymentPostprocessing = 0;
		};
/* End PBXSourcesBuildPhase section */

/* Begin PBXTargetDependency section */
		DAAFF5971CB25EC6000485B5 /* PBXTargetDependency */ = {
			isa = PBXTargetDependency;
			target = DAAFF57B1CB25EC6000485B5 /* RTU5023 */;
			targetProxy = DAAFF5961CB25EC6000485B5 /* PBXContainerItemProxy */;
		};
		DAAFF5A21CB25EC7000485B5 /* PBXTargetDependency */ = {
			isa = PBXTargetDependency;
			target = DAAFF57B1CB25EC6000485B5 /* RTU5023 */;
			targetProxy = DAAFF5A11CB25EC7000485B5 /* PBXContainerItemProxy */;
		};
/* End PBXTargetDependency section */

/* Begin PBXVariantGroup section */
		DA9035481CB3A7F600FD63A1 /* Localizable.strings */ = {
			isa = PBXVariantGroup;
			children = (
				DA9035471CB3A7F600FD63A1 /* Base */,
				DA9035491CB3A7F700FD63A1 /* zh-Hans */,
			);
			name = Localizable.strings;
			sourceTree = "<group>";
		};
		DA90354C1CB3A7FC00FD63A1 /* InfoPlist.strings */ = {
			isa = PBXVariantGroup;
			children = (
				DA90354B1CB3A7FC00FD63A1 /* Base */,
				DA90354D1CB3A7FD00FD63A1 /* zh-Hans */,
			);
			name = InfoPlist.strings;
			sourceTree = "<group>";
		};
		DAAFF5881CB25EC6000485B5 /* Main.storyboard */ = {
			isa = PBXVariantGroup;
			children = (
				DAAFF5891CB25EC6000485B5 /* Base */,
				DACDB34E1DE7276F00449F17 /* zh-Hans */,
			);
			name = Main.storyboard;
			sourceTree = "<group>";
		};
		DAAFF58D1CB25EC6000485B5 /* LaunchScreen.storyboard */ = {
			isa = PBXVariantGroup;
			children = (
				DAAFF58E1CB25EC6000485B5 /* Base */,
				DA6394D11CB396E10017715D /* zh-Hans */,
			);
			name = LaunchScreen.storyboard;
			sourceTree = "<group>";
		};
/* End PBXVariantGroup section */

/* Begin XCBuildConfiguration section */
		DAAFF5A71CB25EC7000485B5 /* Debug */ = {
			isa = XCBuildConfiguration;
			buildSettings = {
				ALWAYS_SEARCH_USER_PATHS = NO;
				CLANG_ANALYZER_NONNULL = YES;
				CLANG_CXX_LANGUAGE_STANDARD = "gnu++0x";
				CLANG_CXX_LIBRARY = "libc++";
				CLANG_ENABLE_MODULES = YES;
				CLANG_ENABLE_OBJC_ARC = YES;
				CLANG_WARN_BOOL_CONVERSION = YES;
				CLANG_WARN_CONSTANT_CONVERSION = YES;
				CLANG_WARN_DIRECT_OBJC_ISA_USAGE = YES_ERROR;
				CLANG_WARN_EMPTY_BODY = YES;
				CLANG_WARN_ENUM_CONVERSION = YES;
				CLANG_WARN_INT_CONVERSION = YES;
				CLANG_WARN_OBJC_ROOT_CLASS = YES_ERROR;
				CLANG_WARN_UNREACHABLE_CODE = YES;
				CLANG_WARN__DUPLICATE_METHOD_MATCH = YES;
				"CODE_SIGN_IDENTITY[sdk=iphoneos*]" = "iPhone Developer";
				COPY_PHASE_STRIP = NO;
				DEBUG_INFORMATION_FORMAT = dwarf;
				ENABLE_STRICT_OBJC_MSGSEND = YES;
				ENABLE_TESTABILITY = YES;
				GCC_C_LANGUAGE_STANDARD = gnu99;
				GCC_DYNAMIC_NO_PIC = NO;
				GCC_NO_COMMON_BLOCKS = YES;
				GCC_OPTIMIZATION_LEVEL = 0;
				GCC_PREPROCESSOR_DEFINITIONS = (
					"DEBUG=1",
					"$(inherited)",
				);
				GCC_WARN_64_TO_32_BIT_CONVERSION = YES;
				GCC_WARN_ABOUT_RETURN_TYPE = YES_ERROR;
				GCC_WARN_UNDECLARED_SELECTOR = YES;
				GCC_WARN_UNINITIALIZED_AUTOS = YES_AGGRESSIVE;
				GCC_WARN_UNUSED_FUNCTION = YES;
				GCC_WARN_UNUSED_VARIABLE = YES;
				IPHONEOS_DEPLOYMENT_TARGET = 9.3;
				MTL_ENABLE_DEBUG_INFO = YES;
				ONLY_ACTIVE_ARCH = YES;
				SDKROOT = iphoneos;
			};
			name = Debug;
		};
		DAAFF5A81CB25EC7000485B5 /* Release */ = {
			isa = XCBuildConfiguration;
			buildSettings = {
				ALWAYS_SEARCH_USER_PATHS = NO;
				CLANG_ANALYZER_NONNULL = YES;
				CLANG_CXX_LANGUAGE_STANDARD = "gnu++0x";
				CLANG_CXX_LIBRARY = "libc++";
				CLANG_ENABLE_MODULES = YES;
				CLANG_ENABLE_OBJC_ARC = YES;
				CLANG_WARN_BOOL_CONVERSION = YES;
				CLANG_WARN_CONSTANT_CONVERSION = YES;
				CLANG_WARN_DIRECT_OBJC_ISA_USAGE = YES_ERROR;
				CLANG_WARN_EMPTY_BODY = YES;
				CLANG_WARN_ENUM_CONVERSION = YES;
				CLANG_WARN_INT_CONVERSION = YES;
				CLANG_WARN_OBJC_ROOT_CLASS = YES_ERROR;
				CLANG_WARN_UNREACHABLE_CODE = YES;
				CLANG_WARN__DUPLICATE_METHOD_MATCH = YES;
				"CODE_SIGN_IDENTITY[sdk=iphoneos*]" = "iPhone Developer";
				COPY_PHASE_STRIP = NO;
				DEBUG_INFORMATION_FORMAT = "dwarf-with-dsym";
				ENABLE_NS_ASSERTIONS = NO;
				ENABLE_STRICT_OBJC_MSGSEND = YES;
				GCC_C_LANGUAGE_STANDARD = gnu99;
				GCC_NO_COMMON_BLOCKS = YES;
				GCC_WARN_64_TO_32_BIT_CONVERSION = YES;
				GCC_WARN_ABOUT_RETURN_TYPE = YES_ERROR;
				GCC_WARN_UNDECLARED_SELECTOR = YES;
				GCC_WARN_UNINITIALIZED_AUTOS = YES_AGGRESSIVE;
				GCC_WARN_UNUSED_FUNCTION = YES;
				GCC_WARN_UNUSED_VARIABLE = YES;
				IPHONEOS_DEPLOYMENT_TARGET = 9.3;
				MTL_ENABLE_DEBUG_INFO = NO;
				SDKROOT = iphoneos;
				VALIDATE_PRODUCT = YES;
			};
			name = Release;
		};
		DAAFF5AA1CB25EC7000485B5 /* Debug */ = {
			isa = XCBuildConfiguration;
			buildSettings = {
				ASSETCATALOG_COMPILER_APPICON_NAME = AppIcon;
				CODE_SIGN_IDENTITY = "iPhone Developer";
				"CODE_SIGN_IDENTITY[sdk=iphoneos*]" = "iPhone Developer";
				CODE_SIGN_STYLE = Automatic;
				DEVELOPMENT_TEAM = 55TTZWFS23;
				GCC_PREFIX_HEADER = "$(SRCROOT)/RTU5023/PrefixHeader.pch";
				INFOPLIST_FILE = RTU5023/Info.plist;
				IPHONEOS_DEPLOYMENT_TARGET = 7.0;
				LD_RUNPATH_SEARCH_PATHS = "$(inherited) @executable_path/Frameworks";
				PRODUCT_BUNDLE_IDENTIFIER = com.gsmalarmsystem.gsm.RTU5023;
				PRODUCT_NAME = "$(TARGET_NAME)";
				PROVISIONING_PROFILE = "";
				PROVISIONING_PROFILE_SPECIFIER = "";
			};
			name = Debug;
		};
		DAAFF5AB1CB25EC7000485B5 /* Release */ = {
			isa = XCBuildConfiguration;
			buildSettings = {
				ASSETCATALOG_COMPILER_APPICON_NAME = AppIcon;
				CODE_SIGN_IDENTITY = "iPhone Developer";
				"CODE_SIGN_IDENTITY[sdk=iphoneos*]" = "iPhone Distribution";
				CODE_SIGN_STYLE = Automatic;
				DEVELOPMENT_TEAM = 55TTZWFS23;
				GCC_PREFIX_HEADER = "$(SRCROOT)/RTU5023/PrefixHeader.pch";
				INFOPLIST_FILE = RTU5023/Info.plist;
				IPHONEOS_DEPLOYMENT_TARGET = 7.0;
				LD_RUNPATH_SEARCH_PATHS = "$(inherited) @executable_path/Frameworks";
				PRODUCT_BUNDLE_IDENTIFIER = com.gsmalarmsystem.gsm.RTU5023;
				PRODUCT_NAME = "$(TARGET_NAME)";
				PROVISIONING_PROFILE = "";
				PROVISIONING_PROFILE_SPECIFIER = "";
			};
			name = Release;
		};
		DAAFF5AD1CB25EC7000485B5 /* Debug */ = {
			isa = XCBuildConfiguration;
			buildSettings = {
				BUNDLE_LOADER = "$(TEST_HOST)";
				INFOPLIST_FILE = RTU5023Tests/Info.plist;
				LD_RUNPATH_SEARCH_PATHS = "$(inherited) @executable_path/Frameworks @loader_path/Frameworks";
				PRODUCT_BUNDLE_IDENTIFIER = com.gsmalarmsystem.gsm.RTU5023Tests;
				PRODUCT_NAME = "$(TARGET_NAME)";
				TEST_HOST = "$(BUILT_PRODUCTS_DIR)/RTU5023.app/RTU5023";
			};
			name = Debug;
		};
		DAAFF5AE1CB25EC7000485B5 /* Release */ = {
			isa = XCBuildConfiguration;
			buildSettings = {
				BUNDLE_LOADER = "$(TEST_HOST)";
				INFOPLIST_FILE = RTU5023Tests/Info.plist;
				LD_RUNPATH_SEARCH_PATHS = "$(inherited) @executable_path/Frameworks @loader_path/Frameworks";
				PRODUCT_BUNDLE_IDENTIFIER = com.gsmalarmsystem.gsm.RTU5023Tests;
				PRODUCT_NAME = "$(TARGET_NAME)";
				TEST_HOST = "$(BUILT_PRODUCTS_DIR)/RTU5023.app/RTU5023";
			};
			name = Release;
		};
		DAAFF5B01CB25EC7000485B5 /* Debug */ = {
			isa = XCBuildConfiguration;
			buildSettings = {
				INFOPLIST_FILE = RTU5023UITests/Info.plist;
				LD_RUNPATH_SEARCH_PATHS = "$(inherited) @executable_path/Frameworks @loader_path/Frameworks";
				PRODUCT_BUNDLE_IDENTIFIER = com.gsmalarmsystem.gsm.RTU5023UITests;
				PRODUCT_NAME = "$(TARGET_NAME)";
				TEST_TARGET_NAME = RTU5023;
			};
			name = Debug;
		};
		DAAFF5B11CB25EC7000485B5 /* Release */ = {
			isa = XCBuildConfiguration;
			buildSettings = {
				INFOPLIST_FILE = RTU5023UITests/Info.plist;
				LD_RUNPATH_SEARCH_PATHS = "$(inherited) @executable_path/Frameworks @loader_path/Frameworks";
				PRODUCT_BUNDLE_IDENTIFIER = com.gsmalarmsystem.gsm.RTU5023UITests;
				PRODUCT_NAME = "$(TARGET_NAME)";
				TEST_TARGET_NAME = RTU5023;
			};
			name = Release;
		};
/* End XCBuildConfiguration section */

/* Begin XCConfigurationList section */
		DAAFF5771CB25EC6000485B5 /* Build configuration list for PBXProject "RTU5023" */ = {
			isa = XCConfigurationList;
			buildConfigurations = (
				DAAFF5A71CB25EC7000485B5 /* Debug */,
				DAAFF5A81CB25EC7000485B5 /* Release */,
			);
			defaultConfigurationIsVisible = 0;
			defaultConfigurationName = Release;
		};
		DAAFF5A91CB25EC7000485B5 /* Build configuration list for PBXNativeTarget "RTU5023" */ = {
			isa = XCConfigurationList;
			buildConfigurations = (
				DAAFF5AA1CB25EC7000485B5 /* Debug */,
				DAAFF5AB1CB25EC7000485B5 /* Release */,
			);
			defaultConfigurationIsVisible = 0;
			defaultConfigurationName = Release;
		};
		DAAFF5AC1CB25EC7000485B5 /* Build configuration list for PBXNativeTarget "RTU5023Tests" */ = {
			isa = XCConfigurationList;
			buildConfigurations = (
				DAAFF5AD1CB25EC7000485B5 /* Debug */,
				DAAFF5AE1CB25EC7000485B5 /* Release */,
			);
			defaultConfigurationIsVisible = 0;
			defaultConfigurationName = Release;
		};
		DAAFF5AF1CB25EC7000485B5 /* Build configuration list for PBXNativeTarget "RTU5023UITests" */ = {
			isa = XCConfigurationList;
			buildConfigurations = (
				DAAFF5B01CB25EC7000485B5 /* Debug */,
				DAAFF5B11CB25EC7000485B5 /* Release */,
			);
			defaultConfigurationIsVisible = 0;
			defaultConfigurationName = Release;
		};
/* End XCConfigurationList section */
	};
	rootObject = DAAFF5741CB25EC6000485B5 /* Project object */;
}
